
Microsoft Visual Studio Solution File, Format Version 12.00
# Visual Studio Version 17
VisualStudioVersion = 17.0.31903.59
MinimumVisualStudioVersion = 10.0.40219.1
Project("{FAE04EC0-301F-11D3-BF4B-00C04F79EFBC}") = "SortingAlgo", "SortingAlgo\SortingAlgo.csproj", "{C8634350-2E3B-40F0-9FE0-68322BC92BFF}"
EndProject
Project("{FAE04EC0-301F-11D3-BF4B-00C04F79EFBC}") = "SortingAlgo.Tests", "SortingAlgo.Tests\SortingAlgo.Tests.csproj", "{3656FC10-BDBC-4F71-A12F-44DC7135D93E}"
EndProject
Project("{FAE04EC0-301F-11D3-BF4B-00C04F79EFBC}") = "RandArrayGenerator", "RandArrayGenerator\RandArrayGenerator.csproj", "{DA70A47F-FFE4-4900-A835-456FAF4CD78C}"
EndProject
Global
	GlobalSection(SolutionConfigurationPlatforms) = preSolution
		Debug|Any CPU = Debug|Any CPU
		Release|Any CPU = Release|Any CPU
	EndGlobalSection
	GlobalSection(ProjectConfigurationPlatforms) = postSolution
		{C8634350-2E3B-40F0-9FE0-68322BC92BFF}.Debug|Any CPU.ActiveCfg = Debug|Any CPU
		{C8634350-2E3B-40F0-9FE0-68322BC92BFF}.Debug|Any CPU.Build.0 = Debug|Any CPU
		{C8634350-2E3B-40F0-9FE0-68322BC92BFF}.Release|Any CPU.ActiveCfg = Release|Any CPU
		{C8634350-2E3B-40F0-9FE0-68322BC92BFF}.Release|Any CPU.Build.0 = Release|Any CPU
		{3656FC10-BDBC-4F71-A12F-44DC7135D93E}.Debug|Any CPU.ActiveCfg = Debug|Any CPU
		{3656FC10-BDBC-4F71-A12F-44DC7135D93E}.Debug|Any CPU.Build.0 = Debug|Any CPU
		{3656FC10-BDBC-4F71-A12F-44DC7135D93E}.Release|Any CPU.ActiveCfg = Release|Any CPU
		{3656FC10-BDBC-4F71-A12F-44DC7135D93E}.Release|Any CPU.Build.0 = Release|Any CPU
		{DA70A47F-FFE4-4900-A835-456FAF4CD78C}.Debug|Any CPU.ActiveCfg = Debug|Any CPU
		{DA70A47F-FFE4-4900-A835-456FAF4CD78C}.Debug|Any CPU.Build.0 = Debug|Any CPU
		{DA70A47F-FFE4-4900-A835-456FAF4CD78C}.Release|Any CPU.ActiveCfg = Release|Any CPU
		{DA70A47F-FFE4-4900-A835-456FAF4CD78C}.Release|Any CPU.Build.0 = Release|Any CPU
	EndGlobalSection
	GlobalSection(SolutionProperties) = preSolution
		HideSolutionNode = FALSE
	EndGlobalSection
	GlobalSection(ExtensibilityGlobals) = postSolution
		SolutionGuid = {862870F4-14F8-447D-A7C0-24A3A77F5710}
	EndGlobalSection
EndGlobal
